// !$*UTF8*$!
{
	archiveVersion = 1;
	classes = {
	};
	objectVersion = 51;
	objects = {

/* Begin PBXBuildFile section */
		2E9AC4865065D2246669C51C /* Pods_TimeLineUITests.framework in Frameworks */ = {isa = PBXBuildFile; fileRef = 85A420A4FCCEB723E72DA3F3 /* Pods_TimeLineUITests.framework */; };
		4F1E985DE4A5D7F8BC5A7E21 /* Pods_TimeLineTests.framework in Frameworks */ = {isa = PBXBuildFile; fileRef = D24F1C2540F8A36C9BE8DA02 /* Pods_TimeLineTests.framework */; };
		81C0962A22BC7CA600B82BD9 /* AppDelegate.swift in Sources */ = {isa = PBXBuildFile; fileRef = 81C0962922BC7CA600B82BD9 /* AppDelegate.swift */; };
		81C0962C22BC7CA600B82BD9 /* MainVC.swift in Sources */ = {isa = PBXBuildFile; fileRef = 81C0962B22BC7CA600B82BD9 /* MainVC.swift */; };
		81C0963122BC7CA900B82BD9 /* Assets.xcassets in Resources */ = {isa = PBXBuildFile; fileRef = 81C0963022BC7CA900B82BD9 /* Assets.xcassets */; };
		81C0963422BC7CA900B82BD9 /* LaunchScreen.storyboard in Resources */ = {isa = PBXBuildFile; fileRef = 81C0963222BC7CA900B82BD9 /* LaunchScreen.storyboard */; };
		81C0963F22BC7CA900B82BD9 /* TimeLineTests.swift in Sources */ = {isa = PBXBuildFile; fileRef = 81C0963E22BC7CA900B82BD9 /* TimeLineTests.swift */; };
		81C0964A22BC7CA900B82BD9 /* TimeLineUITests.swift in Sources */ = {isa = PBXBuildFile; fileRef = 81C0964922BC7CA900B82BD9 /* TimeLineUITests.swift */; };
		81C0965B22BC849A00B82BD9 /* MainView.swift in Sources */ = {isa = PBXBuildFile; fileRef = 81C0965A22BC849A00B82BD9 /* MainView.swift */; };
		81C0966022BC977600B82BD9 /* UIViewExtensions.swift in Sources */ = {isa = PBXBuildFile; fileRef = 81C0965F22BC977600B82BD9 /* UIViewExtensions.swift */; };
		81C0966222C064F300B82BD9 /* AJTimeLine.swift in Sources */ = {isa = PBXBuildFile; fileRef = 81C0966122C064F300B82BD9 /* AJTimeLine.swift */; };
		855E925820B40F73643A07C3 /* Pods_TimeLine.framework in Frameworks */ = {isa = PBXBuildFile; fileRef = 6B24C78E9BDA0BF934DDF8DF /* Pods_TimeLine.framework */; };
/* End PBXBuildFile section */

/* Begin PBXContainerItemProxy section */
		81C0963B22BC7CA900B82BD9 /* PBXContainerItemProxy */ = {
			isa = PBXContainerItemProxy;
			containerPortal = 81C0961E22BC7CA600B82BD9 /* Project object */;
			proxyType = 1;
			remoteGlobalIDString = 81C0962522BC7CA600B82BD9;
			remoteInfo = TimeLine;
		};
		81C0964622BC7CA900B82BD9 /* PBXContainerItemProxy */ = {
			isa = PBXContainerItemProxy;
			containerPortal = 81C0961E22BC7CA600B82BD9 /* Project object */;
			proxyType = 1;
			remoteGlobalIDString = 81C0962522BC7CA600B82BD9;
			remoteInfo = TimeLine;
		};
/* End PBXContainerItemProxy section */

/* Begin PBXFileReference section */
		0C71DFDDB6BEB3C603E253FC /* Pods-TimeLine.release.xcconfig */ = {isa = PBXFileReference; includeInIndex = 1; lastKnownFileType = text.xcconfig; name = "Pods-TimeLine.release.xcconfig"; path = "Target Support Files/Pods-TimeLine/Pods-TimeLine.release.xcconfig"; sourceTree = "<group>"; };
		3FEFB77EDEB9AA1B06B4C872 /* Pods-TimeLineUITests.debug.xcconfig */ = {isa = PBXFileReference; includeInIndex = 1; lastKnownFileType = text.xcconfig; name = "Pods-TimeLineUITests.debug.xcconfig"; path = "Target Support Files/Pods-TimeLineUITests/Pods-TimeLineUITests.debug.xcconfig"; sourceTree = "<group>"; };
		6B24C78E9BDA0BF934DDF8DF /* Pods_TimeLine.framework */ = {isa = PBXFileReference; explicitFileType = wrapper.framework; includeInIndex = 0; path = Pods_TimeLine.framework; sourceTree = BUILT_PRODUCTS_DIR; };
		81C0962622BC7CA600B82BD9 /* TimeLine.app */ = {isa = PBXFileReference; explicitFileType = wrapper.application; includeInIndex = 0; path = TimeLine.app; sourceTree = BUILT_PRODUCTS_DIR; };
		81C0962922BC7CA600B82BD9 /* AppDelegate.swift */ = {isa = PBXFileReference; lastKnownFileType = sourcecode.swift; path = AppDelegate.swift; sourceTree = "<group>"; };
		81C0962B22BC7CA600B82BD9 /* MainVC.swift */ = {isa = PBXFileReference; lastKnownFileType = sourcecode.swift; path = MainVC.swift; sourceTree = "<group>"; };
		81C0963022BC7CA900B82BD9 /* Assets.xcassets */ = {isa = PBXFileReference; lastKnownFileType = folder.assetcatalog; path = Assets.xcassets; sourceTree = "<group>"; };
		81C0963322BC7CA900B82BD9 /* Base */ = {isa = PBXFileReference; lastKnownFileType = file.storyboard; name = Base; path = Base.lproj/LaunchScreen.storyboard; sourceTree = "<group>"; };
		81C0963522BC7CA900B82BD9 /* Info.plist */ = {isa = PBXFileReference; lastKnownFileType = text.plist.xml; path = Info.plist; sourceTree = "<group>"; };
		81C0963A22BC7CA900B82BD9 /* TimeLineTests.xctest */ = {isa = PBXFileReference; explicitFileType = wrapper.cfbundle; includeInIndex = 0; path = TimeLineTests.xctest; sourceTree = BUILT_PRODUCTS_DIR; };
		81C0963E22BC7CA900B82BD9 /* TimeLineTests.swift */ = {isa = PBXFileReference; lastKnownFileType = sourcecode.swift; path = TimeLineTests.swift; sourceTree = "<group>"; };
		81C0964022BC7CA900B82BD9 /* Info.plist */ = {isa = PBXFileReference; lastKnownFileType = text.plist.xml; path = Info.plist; sourceTree = "<group>"; };
		81C0964522BC7CA900B82BD9 /* TimeLineUITests.xctest */ = {isa = PBXFileReference; explicitFileType = wrapper.cfbundle; includeInIndex = 0; path = TimeLineUITests.xctest; sourceTree = BUILT_PRODUCTS_DIR; };
		81C0964922BC7CA900B82BD9 /* TimeLineUITests.swift */ = {isa = PBXFileReference; lastKnownFileType = sourcecode.swift; path = TimeLineUITests.swift; sourceTree = "<group>"; };
		81C0964B22BC7CA900B82BD9 /* Info.plist */ = {isa = PBXFileReference; lastKnownFileType = text.plist.xml; path = Info.plist; sourceTree = "<group>"; };
		81C0965A22BC849A00B82BD9 /* MainView.swift */ = {isa = PBXFileReference; lastKnownFileType = sourcecode.swift; path = MainView.swift; sourceTree = "<group>"; };
		81C0965F22BC977600B82BD9 /* UIViewExtensions.swift */ = {isa = PBXFileReference; lastKnownFileType = sourcecode.swift; path = UIViewExtensions.swift; sourceTree = "<group>"; };
		81C0966122C064F300B82BD9 /* AJTimeLine.swift */ = {isa = PBXFileReference; lastKnownFileType = sourcecode.swift; path = AJTimeLine.swift; sourceTree = "<group>"; };
		85A420A4FCCEB723E72DA3F3 /* Pods_TimeLineUITests.framework */ = {isa = PBXFileReference; explicitFileType = wrapper.framework; includeInIndex = 0; path = Pods_TimeLineUITests.framework; sourceTree = BUILT_PRODUCTS_DIR; };
		9084608320B092147067FE48 /* Pods-TimeLineTests.release.xcconfig */ = {isa = PBXFileReference; includeInIndex = 1; lastKnownFileType = text.xcconfig; name = "Pods-TimeLineTests.release.xcconfig"; path = "Target Support Files/Pods-TimeLineTests/Pods-TimeLineTests.release.xcconfig"; sourceTree = "<group>"; };
		B3EB896005C401A5AE616395 /* Pods-TimeLineTests.debug.xcconfig */ = {isa = PBXFileReference; includeInIndex = 1; lastKnownFileType = text.xcconfig; name = "Pods-TimeLineTests.debug.xcconfig"; path = "Target Support Files/Pods-TimeLineTests/Pods-TimeLineTests.debug.xcconfig"; sourceTree = "<group>"; };
		D24F1C2540F8A36C9BE8DA02 /* Pods_TimeLineTests.framework */ = {isa = PBXFileReference; explicitFileType = wrapper.framework; includeInIndex = 0; path = Pods_TimeLineTests.framework; sourceTree = BUILT_PRODUCTS_DIR; };
		F14EC9C4B39229B0AFCB2766 /* Pods-TimeLine.debug.xcconfig */ = {isa = PBXFileReference; includeInIndex = 1; lastKnownFileType = text.xcconfig; name = "Pods-TimeLine.debug.xcconfig"; path = "Target Support Files/Pods-TimeLine/Pods-TimeLine.debug.xcconfig"; sourceTree = "<group>"; };
		F172BE9CED9E37FEACF9D17A /* Pods-TimeLineUITests.release.xcconfig */ = {isa = PBXFileReference; includeInIndex = 1; lastKnownFileType = text.xcconfig; name = "Pods-TimeLineUITests.release.xcconfig"; path = "Target Support Files/Pods-TimeLineUITests/Pods-TimeLineUITests.release.xcconfig"; sourceTree = "<group>"; };
/* End PBXFileReference section */

/* Begin PBXFrameworksBuildPhase section */
		81C0962322BC7CA600B82BD9 /* Frameworks */ = {
			isa = PBXFrameworksBuildPhase;
			buildActionMask = 2147483647;
			files = (
				855E925820B40F73643A07C3 /* Pods_TimeLine.framework in Frameworks */,
			);
			runOnlyForDeploymentPostprocessing = 0;
		};
		81C0963722BC7CA900B82BD9 /* Frameworks */ = {
			isa = PBXFrameworksBuildPhase;
			buildActionMask = 2147483647;
			files = (
				4F1E985DE4A5D7F8BC5A7E21 /* Pods_TimeLineTests.framework in Frameworks */,
			);
			runOnlyForDeploymentPostprocessing = 0;
		};
		81C0964222BC7CA900B82BD9 /* Frameworks */ = {
			isa = PBXFrameworksBuildPhase;
			buildActionMask = 2147483647;
			files = (
				2E9AC4865065D2246669C51C /* Pods_TimeLineUITests.framework in Frameworks */,
			);
			runOnlyForDeploymentPostprocessing = 0;
		};
/* End PBXFrameworksBuildPhase section */

/* Begin PBXGroup section */
		4C6A0E89FF2ED85BC722E747 /* Pods */ = {
			isa = PBXGroup;
			children = (
				F14EC9C4B39229B0AFCB2766 /* Pods-TimeLine.debug.xcconfig */,
				0C71DFDDB6BEB3C603E253FC /* Pods-TimeLine.release.xcconfig */,
				B3EB896005C401A5AE616395 /* Pods-TimeLineTests.debug.xcconfig */,
				9084608320B092147067FE48 /* Pods-TimeLineTests.release.xcconfig */,
				3FEFB77EDEB9AA1B06B4C872 /* Pods-TimeLineUITests.debug.xcconfig */,
				F172BE9CED9E37FEACF9D17A /* Pods-TimeLineUITests.release.xcconfig */,
			);
			path = Pods;
			sourceTree = "<group>";
		};
		81C0961D22BC7CA600B82BD9 = {
			isa = PBXGroup;
			children = (
				81C0962822BC7CA600B82BD9 /* TimeLine */,
				81C0963D22BC7CA900B82BD9 /* TimeLineTests */,
				81C0964822BC7CA900B82BD9 /* TimeLineUITests */,
				81C0962722BC7CA600B82BD9 /* Products */,
				4C6A0E89FF2ED85BC722E747 /* Pods */,
				C76AD2432D18271DABF8806A /* Frameworks */,
			);
			sourceTree = "<group>";
		};
		81C0962722BC7CA600B82BD9 /* Products */ = {
			isa = PBXGroup;
			children = (
				81C0962622BC7CA600B82BD9 /* TimeLine.app */,
				81C0963A22BC7CA900B82BD9 /* TimeLineTests.xctest */,
				81C0964522BC7CA900B82BD9 /* TimeLineUITests.xctest */,
			);
			name = Products;
			sourceTree = "<group>";
		};
		81C0962822BC7CA600B82BD9 /* TimeLine */ = {
			isa = PBXGroup;
			children = (
				81C0965922BC7CE400B82BD9 /* Supporting Files */,
				81C0965D22BC974100B82BD9 /* Utilities */,
				81C0965822BC7CE000B82BD9 /* App */,
				81C0965722BC7CDC00B82BD9 /* Main */,
				81C0963522BC7CA900B82BD9 /* Info.plist */,
			);
			path = TimeLine;
			sourceTree = "<group>";
		};
		81C0963D22BC7CA900B82BD9 /* TimeLineTests */ = {
			isa = PBXGroup;
			children = (
				81C0963E22BC7CA900B82BD9 /* TimeLineTests.swift */,
				81C0964022BC7CA900B82BD9 /* Info.plist */,
			);
			path = TimeLineTests;
			sourceTree = "<group>";
		};
		81C0964822BC7CA900B82BD9 /* TimeLineUITests */ = {
			isa = PBXGroup;
			children = (
				81C0964922BC7CA900B82BD9 /* TimeLineUITests.swift */,
				81C0964B22BC7CA900B82BD9 /* Info.plist */,
			);
			path = TimeLineUITests;
			sourceTree = "<group>";
		};
		81C0965722BC7CDC00B82BD9 /* Main */ = {
			isa = PBXGroup;
			children = (
				81C0965C22BC95CC00B82BD9 /* TimeLine */,
				81C0962B22BC7CA600B82BD9 /* MainVC.swift */,
				81C0965A22BC849A00B82BD9 /* MainView.swift */,
			);
			path = Main;
			sourceTree = "<group>";
		};
		81C0965822BC7CE000B82BD9 /* App */ = {
			isa = PBXGroup;
			children = (
				81C0962922BC7CA600B82BD9 /* AppDelegate.swift */,
			);
			path = App;
			sourceTree = "<group>";
		};
		81C0965922BC7CE400B82BD9 /* Supporting Files */ = {
			isa = PBXGroup;
			children = (
				81C0963222BC7CA900B82BD9 /* LaunchScreen.storyboard */,
				81C0963022BC7CA900B82BD9 /* Assets.xcassets */,
			);
			path = "Supporting Files";
			sourceTree = "<group>";
		};
		81C0965C22BC95CC00B82BD9 /* TimeLine */ = {
			isa = PBXGroup;
			children = (
				81C0966122C064F300B82BD9 /* AJTimeLine.swift */,
			);
			path = TimeLine;
			sourceTree = "<group>";
		};
		81C0965D22BC974100B82BD9 /* Utilities */ = {
			isa = PBXGroup;
			children = (
				81C0965E22BC975E00B82BD9 /* Extensions */,
			);
			path = Utilities;
			sourceTree = "<group>";
		};
		81C0965E22BC975E00B82BD9 /* Extensions */ = {
			isa = PBXGroup;
			children = (
				81C0965F22BC977600B82BD9 /* UIViewExtensions.swift */,
			);
			path = Extensions;
			sourceTree = "<group>";
		};
		C76AD2432D18271DABF8806A /* Frameworks */ = {
			isa = PBXGroup;
			children = (
				6B24C78E9BDA0BF934DDF8DF /* Pods_TimeLine.framework */,
				D24F1C2540F8A36C9BE8DA02 /* Pods_TimeLineTests.framework */,
				85A420A4FCCEB723E72DA3F3 /* Pods_TimeLineUITests.framework */,
			);
			name = Frameworks;
			sourceTree = "<group>";
		};
/* End PBXGroup section */

/* Begin PBXNativeTarget section */
		81C0962522BC7CA600B82BD9 /* TimeLine */ = {
			isa = PBXNativeTarget;
			buildConfigurationList = 81C0964E22BC7CA900B82BD9 /* Build configuration list for PBXNativeTarget "TimeLine" */;
			buildPhases = (
				8F8BD665354A9E42973A8AE5 /* [CP] Check Pods Manifest.lock */,
				81C0962222BC7CA600B82BD9 /* Sources */,
				81C0962322BC7CA600B82BD9 /* Frameworks */,
				81C0962422BC7CA600B82BD9 /* Resources */,
				16CDD8D2BDED91BBBDB6AE47 /* [CP] Embed Pods Frameworks */,
			);
			buildRules = (
			);
			dependencies = (
			);
			name = TimeLine;
			productName = TimeLine;
			productReference = 81C0962622BC7CA600B82BD9 /* TimeLine.app */;
			productType = "com.apple.product-type.application";
		};
		81C0963922BC7CA900B82BD9 /* TimeLineTests */ = {
			isa = PBXNativeTarget;
			buildConfigurationList = 81C0965122BC7CA900B82BD9 /* Build configuration list for PBXNativeTarget "TimeLineTests" */;
			buildPhases = (
				78204D97D7C3B7E70DB303F7 /* [CP] Check Pods Manifest.lock */,
				81C0963622BC7CA900B82BD9 /* Sources */,
				81C0963722BC7CA900B82BD9 /* Frameworks */,
				81C0963822BC7CA900B82BD9 /* Resources */,
			);
			buildRules = (
			);
			dependencies = (
				81C0963C22BC7CA900B82BD9 /* PBXTargetDependency */,
			);
			name = TimeLineTests;
			productName = TimeLineTests;
			productReference = 81C0963A22BC7CA900B82BD9 /* TimeLineTests.xctest */;
			productType = "com.apple.product-type.bundle.unit-test";
		};
		81C0964422BC7CA900B82BD9 /* TimeLineUITests */ = {
			isa = PBXNativeTarget;
			buildConfigurationList = 81C0965422BC7CA900B82BD9 /* Build configuration list for PBXNativeTarget "TimeLineUITests" */;
			buildPhases = (
				C5FE4F8F14BC8F1F005F2929 /* [CP] Check Pods Manifest.lock */,
				81C0964122BC7CA900B82BD9 /* Sources */,
				81C0964222BC7CA900B82BD9 /* Frameworks */,
				81C0964322BC7CA900B82BD9 /* Resources */,
			);
			buildRules = (
			);
			dependencies = (
				81C0964722BC7CA900B82BD9 /* PBXTargetDependency */,
			);
			name = TimeLineUITests;
			productName = TimeLineUITests;
			productReference = 81C0964522BC7CA900B82BD9 /* TimeLineUITests.xctest */;
			productType = "com.apple.product-type.bundle.ui-testing";
		};
/* End PBXNativeTarget section */

/* Begin PBXProject section */
		81C0961E22BC7CA600B82BD9 /* Project object */ = {
			isa = PBXProject;
			attributes = {
				LastSwiftUpdateCheck = 1020;
				LastUpgradeCheck = 1020;
				ORGANIZATIONNAME = "Alvin Joseph Valdez";
				TargetAttributes = {
					81C0962522BC7CA600B82BD9 = {
						CreatedOnToolsVersion = 10.2.1;
					};
					81C0963922BC7CA900B82BD9 = {
						CreatedOnToolsVersion = 10.2.1;
						TestTargetID = 81C0962522BC7CA600B82BD9;
					};
					81C0964422BC7CA900B82BD9 = {
						CreatedOnToolsVersion = 10.2.1;
						TestTargetID = 81C0962522BC7CA600B82BD9;
					};
				};
			};
			buildConfigurationList = 81C0962122BC7CA600B82BD9 /* Build configuration list for PBXProject "TimeLine" */;
			compatibilityVersion = "Xcode 9.3";
			developmentRegion = en;
			hasScannedForEncodings = 0;
			knownRegions = (
				en,
				Base,
			);
			mainGroup = 81C0961D22BC7CA600B82BD9;
			productRefGroup = 81C0962722BC7CA600B82BD9 /* Products */;
			projectDirPath = "";
			projectRoot = "";
			targets = (
				81C0962522BC7CA600B82BD9 /* TimeLine */,
				81C0963922BC7CA900B82BD9 /* TimeLineTests */,
				81C0964422BC7CA900B82BD9 /* TimeLineUITests */,
			);
		};
/* End PBXProject section */

/* Begin PBXResourcesBuildPhase section */
		81C0962422BC7CA600B82BD9 /* Resources */ = {
			isa = PBXResourcesBuildPhase;
			buildActionMask = 2147483647;
			files = (
				81C0963422BC7CA900B82BD9 /* LaunchScreen.storyboard in Resources */,
				81C0963122BC7CA900B82BD9 /* Assets.xcassets in Resources */,
			);
			runOnlyForDeploymentPostprocessing = 0;
		};
		81C0963822BC7CA900B82BD9 /* Resources */ = {
			isa = PBXResourcesBuildPhase;
			buildActionMask = 2147483647;
			files = (
			);
			runOnlyForDeploymentPostprocessing = 0;
		};
		81C0964322BC7CA900B82BD9 /* Resources */ = {
			isa = PBXResourcesBuildPhase;
			buildActionMask = 2147483647;
			files = (
			);
			runOnlyForDeploymentPostprocessing = 0;
		};
/* End PBXResourcesBuildPhase section */

/* Begin PBXShellScriptBuildPhase section */
		16CDD8D2BDED91BBBDB6AE47 /* [CP] Embed Pods Frameworks */ = {
			isa = PBXShellScriptBuildPhase;
			buildActionMask = 2147483647;
			files = (
			);
			inputFileListPaths = (
				"${PODS_ROOT}/Target Support Files/Pods-TimeLine/Pods-TimeLine-frameworks-${CONFIGURATION}-input-files.xcfilelist",
			);
			name = "[CP] Embed Pods Frameworks";
			outputFileListPaths = (
				"${PODS_ROOT}/Target Support Files/Pods-TimeLine/Pods-TimeLine-frameworks-${CONFIGURATION}-output-files.xcfilelist",
			);
			runOnlyForDeploymentPostprocessing = 0;
			shellPath = /bin/sh;
			shellScript = "\"${PODS_ROOT}/Target Support Files/Pods-TimeLine/Pods-TimeLine-frameworks.sh\"\n";
			showEnvVarsInLog = 0;
		};
		78204D97D7C3B7E70DB303F7 /* [CP] Check Pods Manifest.lock */ = {
			isa = PBXShellScriptBuildPhase;
			buildActionMask = 2147483647;
			files = (
			);
			inputFileListPaths = (
			);
			inputPaths = (
				"${PODS_PODFILE_DIR_PATH}/Podfile.lock",
				"${PODS_ROOT}/Manifest.lock",
			);
			name = "[CP] Check Pods Manifest.lock";
			outputFileListPaths = (
			);
			outputPaths = (
				"$(DERIVED_FILE_DIR)/Pods-TimeLineTests-checkManifestLockResult.txt",
			);
			runOnlyForDeploymentPostprocessing = 0;
			shellPath = /bin/sh;
			shellScript = "diff \"${PODS_PODFILE_DIR_PATH}/Podfile.lock\" \"${PODS_ROOT}/Manifest.lock\" > /dev/null\nif [ $? != 0 ] ; then\n    # print error to STDERR\n    echo \"error: The sandbox is not in sync with the Podfile.lock. Run 'pod install' or update your CocoaPods installation.\" >&2\n    exit 1\nfi\n# This output is used by Xcode 'outputs' to avoid re-running this script phase.\necho \"SUCCESS\" > \"${SCRIPT_OUTPUT_FILE_0}\"\n";
			showEnvVarsInLog = 0;
		};
		8F8BD665354A9E42973A8AE5 /* [CP] Check Pods Manifest.lock */ = {
			isa = PBXShellScriptBuildPhase;
			buildActionMask = 2147483647;
			files = (
			);
			inputFileListPaths = (
			);
			inputPaths = (
				"${PODS_PODFILE_DIR_PATH}/Podfile.lock",
				"${PODS_ROOT}/Manifest.lock",
			);
			name = "[CP] Check Pods Manifest.lock";
			outputFileListPaths = (
			);
			outputPaths = (
				"$(DERIVED_FILE_DIR)/Pods-TimeLine-checkManifestLockResult.txt",
			);
			runOnlyForDeploymentPostprocessing = 0;
			shellPath = /bin/sh;
			shellScript = "diff \"${PODS_PODFILE_DIR_PATH}/Podfile.lock\" \"${PODS_ROOT}/Manifest.lock\" > /dev/null\nif [ $? != 0 ] ; then\n    # print error to STDERR\n    echo \"error: The sandbox is not in sync with the Podfile.lock. Run 'pod install' or update your CocoaPods installation.\" >&2\n    exit 1\nfi\n# This output is used by Xcode 'outputs' to avoid re-running this script phase.\necho \"SUCCESS\" > \"${SCRIPT_OUTPUT_FILE_0}\"\n";
			showEnvVarsInLog = 0;
		};
		C5FE4F8F14BC8F1F005F2929 /* [CP] Check Pods Manifest.lock */ = {
			isa = PBXShellScriptBuildPhase;
			buildActionMask = 2147483647;
			files = (
			);
			inputFileListPaths = (
			);
			inputPaths = (
				"${PODS_PODFILE_DIR_PATH}/Podfile.lock",
				"${PODS_ROOT}/Manifest.lock",
			);
			name = "[CP] Check Pods Manifest.lock";
			outputFileListPaths = (
			);
			outputPaths = (
				"$(DERIVED_FILE_DIR)/Pods-TimeLineUITests-checkManifestLockResult.txt",
			);
			runOnlyForDeploymentPostprocessing = 0;
			shellPath = /bin/sh;
			shellScript = "diff \"${PODS_PODFILE_DIR_PATH}/Podfile.lock\" \"${PODS_ROOT}/Manifest.lock\" > /dev/null\nif [ $? != 0 ] ; then\n    # print error to STDERR\n    echo \"error: The sandbox is not in sync with the Podfile.lock. Run 'pod install' or update your CocoaPods installation.\" >&2\n    exit 1\nfi\n# This output is used by Xcode 'outputs' to avoid re-running this script phase.\necho \"SUCCESS\" > \"${SCRIPT_OUTPUT_FILE_0}\"\n";
			showEnvVarsInLog = 0;
		};
/* End PBXShellScriptBuildPhase section */

/* Begin PBXSourcesBuildPhase section */
		81C0962222BC7CA600B82BD9 /* Sources */ = {
			isa = PBXSourcesBuildPhase;
			buildActionMask = 2147483647;
			files = (
				81C0962C22BC7CA600B82BD9 /* MainVC.swift in Sources */,
				81C0965B22BC849A00B82BD9 /* MainView.swift in Sources */,
				81C0966022BC977600B82BD9 /* UIViewExtensions.swift in Sources */,
				81C0966222C064F300B82BD9 /* AJTimeLine.swift in Sources */,
				81C0962A22BC7CA600B82BD9 /* AppDelegate.swift in Sources */,
			);
			runOnlyForDeploymentPostprocessing = 0;
		};
		81C0963622BC7CA900B82BD9 /* Sources */ = {
			isa = PBXSourcesBuildPhase;
			buildActionMask = 2147483647;
			files = (
				81C0963F22BC7CA900B82BD9 /* TimeLineTests.swift in Sources */,
			);
			runOnlyForDeploymentPostprocessing = 0;
		};
		81C0964122BC7CA900B82BD9 /* Sources */ = {
			isa = PBXSourcesBuildPhase;
			buildActionMask = 2147483647;
			files = (
				81C0964A22BC7CA900B82BD9 /* TimeLineUITests.swift in Sources */,
			);
			runOnlyForDeploymentPostprocessing = 0;
		};
/* End PBXSourcesBuildPhase section */

/* Begin PBXTargetDependency section */
		81C0963C22BC7CA900B82BD9 /* PBXTargetDependency */ = {
			isa = PBXTargetDependency;
			target = 81C0962522BC7CA600B82BD9 /* TimeLine */;
			targetProxy = 81C0963B22BC7CA900B82BD9 /* PBXContainerItemProxy */;
		};
		81C0964722BC7CA900B82BD9 /* PBXTargetDependency */ = {
			isa = PBXTargetDependency;
			target = 81C0962522BC7CA600B82BD9 /* TimeLine */;
			targetProxy = 81C0964622BC7CA900B82BD9 /* PBXContainerItemProxy */;
		};
/* End PBXTargetDependency section */

/* Begin PBXVariantGroup section */
		81C0963222BC7CA900B82BD9 /* LaunchScreen.storyboard */ = {
			isa = PBXVariantGroup;
			children = (
				81C0963322BC7CA900B82BD9 /* Base */,
			);
			name = LaunchScreen.storyboard;
			sourceTree = "<group>";
		};
/* End PBXVariantGroup section */

/* Begin XCBuildConfiguration section */
		81C0964C22BC7CA900B82BD9 /* Debug */ = {
			isa = XCBuildConfiguration;
			buildSettings = {
				ALWAYS_SEARCH_USER_PATHS = NO;
				CLANG_ANALYZER_NONNULL = YES;
				CLANG_ANALYZER_NUMBER_OBJECT_CONVERSION = YES_AGGRESSIVE;
				CLANG_CXX_LANGUAGE_STANDARD = "gnu++14";
				CLANG_CXX_LIBRARY = "libc++";
				CLANG_ENABLE_MODULES = YES;
				CLANG_ENABLE_OBJC_ARC = YES;
				CLANG_ENABLE_OBJC_WEAK = YES;
				CLANG_WARN_BLOCK_CAPTURE_AUTORELEASING = YES;
				CLANG_WARN_BOOL_CONVERSION = YES;
				CLANG_WARN_COMMA = YES;
				CLANG_WARN_CONSTANT_CONVERSION = YES;
				CLANG_WARN_DEPRECATED_OBJC_IMPLEMENTATIONS = YES;
				CLANG_WARN_DIRECT_OBJC_ISA_USAGE = YES_ERROR;
				CLANG_WARN_DOCUMENTATION_COMMENTS = YES;
				CLANG_WARN_EMPTY_BODY = YES;
				CLANG_WARN_ENUM_CONVERSION = YES;
				CLANG_WARN_INFINITE_RECURSION = YES;
				CLANG_WARN_INT_CONVERSION = YES;
				CLANG_WARN_NON_LITERAL_NULL_CONVERSION = YES;
				CLANG_WARN_OBJC_IMPLICIT_RETAIN_SELF = YES;
				CLANG_WARN_OBJC_LITERAL_CONVERSION = YES;
				CLANG_WARN_OBJC_ROOT_CLASS = YES_ERROR;
				CLANG_WARN_RANGE_LOOP_ANALYSIS = YES;
				CLANG_WARN_STRICT_PROTOTYPES = YES;
				CLANG_WARN_SUSPICIOUS_MOVE = YES;
				CLANG_WARN_UNGUARDED_AVAILABILITY = YES_AGGRESSIVE;
				CLANG_WARN_UNREACHABLE_CODE = YES;
				CLANG_WARN__DUPLICATE_METHOD_MATCH = YES;
				CODE_SIGN_IDENTITY = "iPhone Developer";
				COPY_PHASE_STRIP = NO;
				DEBUG_INFORMATION_FORMAT = dwarf;
				ENABLE_STRICT_OBJC_MSGSEND = YES;
				ENABLE_TESTABILITY = YES;
				GCC_C_LANGUAGE_STANDARD = gnu11;
				GCC_DYNAMIC_NO_PIC = NO;
				GCC_NO_COMMON_BLOCKS = YES;
				GCC_OPTIMIZATION_LEVEL = 0;
				GCC_PREPROCESSOR_DEFINITIONS = (
					"DEBUG=1",
					"$(inherited)",
				);
				GCC_WARN_64_TO_32_BIT_CONVERSION = YES;
				GCC_WARN_ABOUT_RETURN_TYPE = YES_ERROR;
				GCC_WARN_UNDECLARED_SELECTOR = YES;
				GCC_WARN_UNINITIALIZED_AUTOS = YES_AGGRESSIVE;
				GCC_WARN_UNUSED_FUNCTION = YES;
				GCC_WARN_UNUSED_VARIABLE = YES;
				IPHONEOS_DEPLOYMENT_TARGET = 12.2;
				MTL_ENABLE_DEBUG_INFO = INCLUDE_SOURCE;
				MTL_FAST_MATH = YES;
				ONLY_ACTIVE_ARCH = YES;
				SDKROOT = iphoneos;
				SWIFT_ACTIVE_COMPILATION_CONDITIONS = DEBUG;
				SWIFT_OPTIMIZATION_LEVEL = "-Onone";
			};
			name = Debug;
		};
		81C0964D22BC7CA900B82BD9 /* Release */ = {
			isa = XCBuildConfiguration;
			buildSettings = {
				ALWAYS_SEARCH_USER_PATHS = NO;
				CLANG_ANALYZER_NONNULL = YES;
				CLANG_ANALYZER_NUMBER_OBJECT_CONVERSION = YES_AGGRESSIVE;
				CLANG_CXX_LANGUAGE_STANDARD = "gnu++14";
				CLANG_CXX_LIBRARY = "libc++";
				CLANG_ENABLE_MODULES = YES;
				CLANG_ENABLE_OBJC_ARC = YES;
				CLANG_ENABLE_OBJC_WEAK = YES;
				CLANG_WARN_BLOCK_CAPTURE_AUTORELEASING = YES;
				CLANG_WARN_BOOL_CONVERSION = YES;
				CLANG_WARN_COMMA = YES;
				CLANG_WARN_CONSTANT_CONVERSION = YES;
				CLANG_WARN_DEPRECATED_OBJC_IMPLEMENTATIONS = YES;
				CLANG_WARN_DIRECT_OBJC_ISA_USAGE = YES_ERROR;
				CLANG_WARN_DOCUMENTATION_COMMENTS = YES;
				CLANG_WARN_EMPTY_BODY = YES;
				CLANG_WARN_ENUM_CONVERSION = YES;
				CLANG_WARN_INFINITE_RECURSION = YES;
				CLANG_WARN_INT_CONVERSION = YES;
				CLANG_WARN_NON_LITERAL_NULL_CONVERSION = YES;
				CLANG_WARN_OBJC_IMPLICIT_RETAIN_SELF = YES;
				CLANG_WARN_OBJC_LITERAL_CONVERSION = YES;
				CLANG_WARN_OBJC_ROOT_CLASS = YES_ERROR;
				CLANG_WARN_RANGE_LOOP_ANALYSIS = YES;
				CLANG_WARN_STRICT_PROTOTYPES = YES;
				CLANG_WARN_SUSPICIOUS_MOVE = YES;
				CLANG_WARN_UNGUARDED_AVAILABILITY = YES_AGGRESSIVE;
				CLANG_WARN_UNREACHABLE_CODE = YES;
				CLANG_WARN__DUPLICATE_METHOD_MATCH = YES;
				CODE_SIGN_IDENTITY = "iPhone Developer";
				COPY_PHASE_STRIP = NO;
				DEBUG_INFORMATION_FORMAT = "dwarf-with-dsym";
				ENABLE_NS_ASSERTIONS = NO;
				ENABLE_STRICT_OBJC_MSGSEND = YES;
				GCC_C_LANGUAGE_STANDARD = gnu11;
				GCC_NO_COMMON_BLOCKS = YES;
				GCC_WARN_64_TO_32_BIT_CONVERSION = YES;
				GCC_WARN_ABOUT_RETURN_TYPE = YES_ERROR;
				GCC_WARN_UNDECLARED_SELECTOR = YES;
				GCC_WARN_UNINITIALIZED_AUTOS = YES_AGGRESSIVE;
				GCC_WARN_UNUSED_FUNCTION = YES;
				GCC_WARN_UNUSED_VARIABLE = YES;
				IPHONEOS_DEPLOYMENT_TARGET = 12.2;
				MTL_ENABLE_DEBUG_INFO = NO;
				MTL_FAST_MATH = YES;
				SDKROOT = iphoneos;
				SWIFT_COMPILATION_MODE = wholemodule;
				SWIFT_OPTIMIZATION_LEVEL = "-O";
				VALIDATE_PRODUCT = YES;
			};
			name = Release;
		};
		81C0964F22BC7CA900B82BD9 /* Debug */ = {
			isa = XCBuildConfiguration;
			baseConfigurationReference = F14EC9C4B39229B0AFCB2766 /* Pods-TimeLine.debug.xcconfig */;
			buildSettings = {
				ASSETCATALOG_COMPILER_APPICON_NAME = AppIcon;
				CODE_SIGN_STYLE = Automatic;
				DEVELOPMENT_TEAM = N36VWJBV53;
				INFOPLIST_FILE = TimeLine/Info.plist;
				LD_RUNPATH_SEARCH_PATHS = (
					"$(inherited)",
					"@executable_path/Frameworks",
				);
				PRODUCT_BUNDLE_IDENTIFIER = com.hero.TimeLine;
				PRODUCT_NAME = "$(TARGET_NAME)";
				SWIFT_VERSION = 5.0;
				TARGETED_DEVICE_FAMILY = "1,2";
			};
			name = Debug;
		};
		81C0965022BC7CA900B82BD9 /* Release */ = {
			isa = XCBuildConfiguration;
			baseConfigurationReference = 0C71DFDDB6BEB3C603E253FC /* Pods-TimeLine.release.xcconfig */;
			buildSettings = {
				ASSETCATALOG_COMPILER_APPICON_NAME = AppIcon;
				CODE_SIGN_STYLE = Automatic;
				DEVELOPMENT_TEAM = N36VWJBV53;
				INFOPLIST_FILE = TimeLine/Info.plist;
				LD_RUNPATH_SEARCH_PATHS = (
					"$(inherited)",
					"@executable_path/Frameworks",
				);
				PRODUCT_BUNDLE_IDENTIFIER = com.hero.TimeLine;
				PRODUCT_NAME = "$(TARGET_NAME)";
				SWIFT_VERSION = 5.0;
				TARGETED_DEVICE_FAMILY = "1,2";
			};
			name = Release;
		};
		81C0965222BC7CA900B82BD9 /* Debug */ = {
			isa = XCBuildConfiguration;
			baseConfigurationReference = B3EB896005C401A5AE616395 /* Pods-TimeLineTests.debug.xcconfig */;
			buildSettings = {
				ALWAYS_EMBED_SWIFT_STANDARD_LIBRARIES = YES;
				BUNDLE_LOADER = "$(TEST_HOST)";
				CODE_SIGN_STYLE = Automatic;
				DEVELOPMENT_TEAM = N36VWJBV53;
				INFOPLIST_FILE = TimeLineTests/Info.plist;
				LD_RUNPATH_SEARCH_PATHS = (
					"$(inherited)",
					"@executable_path/Frameworks",
					"@loader_path/Frameworks",
				);
				PRODUCT_BUNDLE_IDENTIFIER = com.hero.TimeLineTests;
				PRODUCT_NAME = "$(TARGET_NAME)";
				SWIFT_VERSION = 5.0;
				TARGETED_DEVICE_FAMILY = "1,2";
				TEST_HOST = "$(BUILT_PRODUCTS_DIR)/TimeLine.app/TimeLine";
			};
			name = Debug;
		};
		81C0965322BC7CA900B82BD9 /* Release */ = {
			isa = XCBuildConfiguration;
			baseConfigurationReference = 9084608320B092147067FE48 /* Pods-TimeLineTests.release.xcconfig */;
			buildSettings = {
				ALWAYS_EMBED_SWIFT_STANDARD_LIBRARIES = YES;
				BUNDLE_LOADER = "$(TEST_HOST)";
				CODE_SIGN_STYLE = Automatic;
				DEVELOPMENT_TEAM = N36VWJBV53;
				INFOPLIST_FILE = TimeLineTests/Info.plist;
				LD_RUNPATH_SEARCH_PATHS = (
					"$(inherited)",
					"@executable_path/Frameworks",
					"@loader_path/Frameworks",
				);
				PRODUCT_BUNDLE_IDENTIFIER = com.hero.TimeLineTests;
				PRODUCT_NAME = "$(TARGET_NAME)";
				SWIFT_VERSION = 5.0;
				TARGETED_DEVICE_FAMILY = "1,2";
				TEST_HOST = "$(BUILT_PRODUCTS_DIR)/TimeLine.app/TimeLine";
			};
			name = Release;
		};
		81C0965522BC7CA900B82BD9 /* Debug */ = {
			isa = XCBuildConfiguration;
			baseConfigurationReference = 3FEFB77EDEB9AA1B06B4C872 /* Pods-TimeLineUITests.debug.xcconfig */;
			buildSettings = {
				ALWAYS_EMBED_SWIFT_STANDARD_LIBRARIES = YES;
				CODE_SIGN_STYLE = Automatic;
				DEVELOPMENT_TEAM = N36VWJBV53;
				INFOPLIST_FILE = TimeLineUITests/Info.plist;
				LD_RUNPATH_SEARCH_PATHS = (
					"$(inherited)",
					"@executable_path/Frameworks",
					"@loader_path/Frameworks",
				);
				PRODUCT_BUNDLE_IDENTIFIER = com.hero.TimeLineUITests;
				PRODUCT_NAME = "$(TARGET_NAME)";
				SWIFT_VERSION = 5.0;
				TARGETED_DEVICE_FAMILY = "1,2";
				TEST_TARGET_NAME = TimeLine;
			};
			name = Debug;
		};
		81C0965622BC7CA900B82BD9 /* Release */ = {
			isa = XCBuildConfiguration;
			baseConfigurationReference = F172BE9CED9E37FEACF9D17A /* Pods-TimeLineUITests.release.xcconfig */;
			buildSettings = {
				ALWAYS_EMBED_SWIFT_STANDARD_LIBRARIES = YES;
				CODE_SIGN_STYLE = Automatic;
				DEVELOPMENT_TEAM = N36VWJBV53;
				INFOPLIST_FILE = TimeLineUITests/Info.plist;
				LD_RUNPATH_SEARCH_PATHS = (
					"$(inherited)",
					"@executable_path/Frameworks",
					"@loader_path/Frameworks",
				);
				PRODUCT_BUNDLE_IDENTIFIER = com.hero.TimeLineUITests;
				PRODUCT_NAME = "$(TARGET_NAME)";
				SWIFT_VERSION = 5.0;
				TARGETED_DEVICE_FAMILY = "1,2";
				TEST_TARGET_NAME = TimeLine;
			};
			name = Release;
		};
/* End XCBuildConfiguration section */

/* Begin XCConfigurationList section */
		81C0962122BC7CA600B82BD9 /* Build configuration list for PBXProject "TimeLine" */ = {
			isa = XCConfigurationList;
			buildConfigurations = (
				81C0964C22BC7CA900B82BD9 /* Debug */,
				81C0964D22BC7CA900B82BD9 /* Release */,
			);
			defaultConfigurationIsVisible = 0;
			defaultConfigurationName = Release;
		};
		81C0964E22BC7CA900B82BD9 /* Build configuration list for PBXNativeTarget "TimeLine" */ = {
			isa = XCConfigurationList;
			buildConfigurations = (
				81C0964F22BC7CA900B82BD9 /* Debug */,
				81C0965022BC7CA900B82BD9 /* Release */,
			);
			defaultConfigurationIsVisible = 0;
			defaultConfigurationName = Release;
		};
		81C0965122BC7CA900B82BD9 /* Build configuration list for PBXNativeTarget "TimeLineTests" */ = {
			isa = XCConfigurationList;
			buildConfigurations = (
				81C0965222BC7CA900B82BD9 /* Debug */,
				81C0965322BC7CA900B82BD9 /* Release */,
			);
			defaultConfigurationIsVisible = 0;
			defaultConfigurationName = Release;
		};
		81C0965422BC7CA900B82BD9 /* Build configuration list for PBXNativeTarget "TimeLineUITests" */ = {
			isa = XCConfigurationList;
			buildConfigurations = (
				81C0965522BC7CA900B82BD9 /* Debug */,
				81C0965622BC7CA900B82BD9 /* Release */,
			);
			defaultConfigurationIsVisible = 0;
			defaultConfigurationName = Release;
		};
/* End XCConfigurationList section */
	};
	rootObject = 81C0961E22BC7CA600B82BD9 /* Project object */;
}
